
Microsoft Visual Studio Solution File, Format Version 12.00
# Visual Studio Version 17
VisualStudioVersion = 17.6.33829.357
MinimumVisualStudioVersion = 10.0.40219.1
Project("{FAE04EC0-301F-11D3-BF4B-00C04F79EFBC}") = "MusicLibraryWebAPI", "MusicLibraryWebAPI\MusicLibraryWebAPI.csproj", "{47820191-04E4-4647-AB7F-357735B8801D}"
EndProject
Global
	GlobalSection(SolutionConfigurationPlatforms) = preSolution
		Debug|Any CPU = Debug|Any CPU
		Release|Any CPU = Release|Any CPU
	EndGlobalSection
	GlobalSection(ProjectConfigurationPlatforms) = postSolution
		{47820191-04E4-4647-AB7F-357735B8801D}.Debug|Any CPU.ActiveCfg = Debug|Any CPU
		{47820191-04E4-4647-AB7F-357735B8801D}.Debug|Any CPU.Build.0 = Debug|Any CPU
		{47820191-04E4-4647-AB7F-357735B8801D}.Release|Any CPU.ActiveCfg = Release|Any CPU
		{47820191-04E4-4647-AB7F-357735B8801D}.Release|Any CPU.Build.0 = Release|Any CPU
	EndGlobalSection
	GlobalSection(SolutionProperties) = preSolution
		HideSolutionNode = FALSE
	EndGlobalSection
	GlobalSection(ExtensibilityGlobals) = postSolution
		SolutionGuid = {3BC4115D-48FE-4A52-941C-362E90DCEFF4}
	EndGlobalSection
EndGlobal
